Microsoft Visual Studio Solution File, Format Version 12.00
# Visual Studio Version 17
VisualStudioVersion = 17.5.2.0
MinimumVisualStudioVersion = 10.0.40219.1
Project("{FAE04EC0-301F-11D3-BF4B-00C04F79EFBC}") = "monogamer", "monogamer.csproj", "{A6743F0F-13B4-509A-CF49-824A2DC3F699}"
EndProject
Global
	GlobalSection(SolutionConfigurationPlatforms) = preSolution
		Debug|Any CPU = Debug|Any CPU
		Release|Any CPU = Release|Any CPU
	EndGlobalSection
	GlobalSection(ProjectConfigurationPlatforms) = postSolution
		{A6743F0F-13B4-509A-CF49-824A2DC3F699}.Debug|Any CPU.ActiveCfg = Debug|Any CPU
		{A6743F0F-13B4-509A-CF49-824A2DC3F699}.Debug|Any CPU.Build.0 = Debug|Any CPU
		{A6743F0F-13B4-509A-CF49-824A2DC3F699}.Release|Any CPU.ActiveCfg = Release|Any CPU
		{A6743F0F-13B4-509A-CF49-824A2DC3F699}.Release|Any CPU.Build.0 = Release|Any CPU
	EndGlobalSection
	GlobalSection(SolutionProperties) = preSolution
		HideSolutionNode = FALSE
	EndGlobalSection
	GlobalSection(ExtensibilityGlobals) = postSolution
		SolutionGuid = {C8C1369D-4F7B-4B7B-BB74-D6BE20E2089D}
	EndGlobalSection
EndGlobal
